{
  "version": 4,
  "terraform_version": "1.10.5",
  "serial": 24,
  "lineage": "53192408-4663-6c5e-6657-48950bc49253",
  "outputs": {
    "port": {
      "value": 5432,
      "type": "number"
    },
    "username": {
      "value": "postgres",
      "type": "string"
    }
  },
  "resources": [
    {
      "mode": "data",
      "type": "aws_subnets",
      "name": "private",
      "provider": "provider[\"registry.terraform.io/hashicorp/aws\"]",
      "instances": [
        {
          "schema_version": 0,
          "attributes": {
            "filter": [
              {
                "name": "tag:Name",
                "values": [
                  "arc-poc-us-east-1a-1",
                  "arc-poc-us-east-1b-2"
                ]
              },
              {
                "name": "vpc-id",
                "values": [
                  "vpc-02037dd5ab65c722a"
                ]
              }
            ],
            "id": "us-east-1",
            "ids": [
              "subnet-0b4b1a51b709d6a03",
              "subnet-0fdb55be5a5d90619",
              "subnet-0643f13eb4a7e6c81",
              "subnet-028b0fee4ea33660b"
            ],
            "tags": null,
            "timeouts": null
          },
          "sensitive_attributes": []
        }
      ]
    },
    {
      "mode": "data",
      "type": "aws_vpc",
      "name": "vpc",
      "provider": "provider[\"registry.terraform.io/hashicorp/aws\"]",
      "instances": [
        {
          "schema_version": 0,
          "attributes": {
            "arn": "arn:aws:ec2:us-east-1:975050165902:vpc/vpc-02037dd5ab65c722a",
            "cidr_block": "10.0.0.0/16",
            "cidr_block_associations": [
              {
                "association_id": "vpc-cidr-assoc-045c93015b96e6f02",
                "cidr_block": "10.0.0.0/16",
                "state": "associated"
              }
            ],
            "default": false,
            "dhcp_options_id": "dopt-00179d648fdc37bfb",
            "enable_dns_hostnames": true,
            "enable_dns_support": true,
            "enable_network_address_usage_metrics": false,
            "filter": [
              {
                "name": "tag:Name",
                "values": [
                  "arc-poc"
                ]
              }
            ],
            "id": "vpc-02037dd5ab65c722a",
            "instance_tenancy": "default",
            "ipv6_association_id": "",
            "ipv6_cidr_block": "",
            "main_route_table_id": "rtb-0d5abbb43040ee59f",
            "owner_id": "975050165902",
            "state": null,
            "tags": {
              "Environment": "poc",
              "Example": "True",
              "Name": "arc-poc",
              "Project": "terraform-aws-ref-arch-network"
            },
            "timeouts": null
          },
          "sensitive_attributes": []
        }
      ]
    },
    {
      "module": "module.aurora",
      "mode": "data",
      "type": "aws_caller_identity",
      "name": "current",
      "provider": "provider[\"registry.terraform.io/hashicorp/aws\"]",
      "instances": [
        {
          "schema_version": 0,
          "attributes": {
            "account_id": "975050165902",
            "arn": "arn:aws:iam::975050165902:user/archit-nangla-arc-iac-personal",
            "id": "975050165902",
            "user_id": "AIDA6GBMEZ2HJBWUPZWQD"
          },
          "sensitive_attributes": []
        }
      ]
    },
    {
      "module": "module.aurora",
      "mode": "data",
      "type": "aws_iam_policy",
      "name": "enhanced_monitoring",
      "provider": "provider[\"registry.terraform.io/hashicorp/aws\"]",
      "instances": []
    },
    {
      "module": "module.aurora",
      "mode": "data",
      "type": "aws_kms_alias",
      "name": "rds",
      "provider": "provider[\"registry.terraform.io/hashicorp/aws\"]",
      "instances": [
        {
          "schema_version": 0,
          "attributes": {
            "arn": "arn:aws:kms:us-east-1:975050165902:alias/aws/rds",
            "id": "arn:aws:kms:us-east-1:975050165902:alias/aws/rds",
            "name": "alias/aws/rds",
            "target_key_arn": "arn:aws:kms:us-east-1:975050165902:key/7e84b940-2dc4-4640-9692-67639892421d",
            "target_key_id": "7e84b940-2dc4-4640-9692-67639892421d"
          },
          "sensitive_attributes": []
        }
      ]
    },
    {
      "module": "module.aurora",
      "mode": "data",
      "type": "aws_region",
      "name": "current",
      "provider": "provider[\"registry.terraform.io/hashicorp/aws\"]",
      "instances": [
        {
          "schema_version": 0,
          "attributes": {
            "description": "US East (N. Virginia)",
            "endpoint": "ec2.us-east-1.amazonaws.com",
            "id": "us-east-1",
            "name": "us-east-1"
          },
          "sensitive_attributes": []
        }
      ]
    },
    {
      "module": "module.aurora",
      "mode": "managed",
      "type": "aws_db_option_group",
      "name": "this",
      "provider": "provider[\"registry.terraform.io/hashicorp/aws\"]",
      "instances": []
    },
    {
      "module": "module.aurora",
      "mode": "managed",
      "type": "aws_db_parameter_group",
      "name": "this",
      "provider": "provider[\"registry.terraform.io/hashicorp/aws\"]",
      "instances": []
    },
    {
      "module": "module.aurora",
      "mode": "managed",
      "type": "aws_db_subnet_group",
      "name": "this",
      "provider": "provider[\"registry.terraform.io/hashicorp/aws\"]",
      "instances": [
        {
          "index_key": 0,
          "schema_version": 0,
          "attributes": {
            "arn": "arn:aws:rds:us-east-1:975050165902:subgrp:arc-dev-archit-subnet-group",
            "description": "Subnet group for rds instance",
            "id": "arc-dev-archit-subnet-group",
            "name": "arc-dev-archit-subnet-group",
            "name_prefix": "",
            "subnet_ids": [
              "subnet-028b0fee4ea33660b",
              "subnet-0643f13eb4a7e6c81",
              "subnet-0b4b1a51b709d6a03",
              "subnet-0fdb55be5a5d90619"
            ],
            "supported_network_types": [
              "IPV4"
            ],
            "tags": null,
            "tags_all": {},
            "vpc_id": "vpc-02037dd5ab65c722a"
          },
          "sensitive_attributes": [],
          "private": "bnVsbA==",
          "dependencies": [
            "data.aws_subnets.private",
            "data.aws_vpc.vpc"
          ]
        }
      ]
    },
    {
      "module": "module.aurora",
      "mode": "managed",
      "type": "aws_iam_policy",
      "name": "logs",
      "provider": "provider[\"registry.terraform.io/hashicorp/aws\"]",
      "instances": []
    },
    {
      "module": "module.aurora",
      "mode": "managed",
      "type": "aws_iam_role",
      "name": "enhanced_monitoring",
      "provider": "provider[\"registry.terraform.io/hashicorp/aws\"]",
      "instances": []
    },
    {
      "module": "module.aurora",
      "mode": "managed",
      "type": "aws_iam_role",
      "name": "proxy",
      "provider": "provider[\"registry.terraform.io/hashicorp/aws\"]",
      "instances": []
    },
    {
      "module": "module.aurora",
      "mode": "managed",
      "type": "aws_iam_role_policy_attachment",
      "name": "attach_policy",
      "provider": "provider[\"registry.terraform.io/hashicorp/aws\"]",
      "instances": []
    },
    {
      "module": "module.aurora",
      "mode": "managed",
      "type": "aws_iam_role_policy_attachment",
      "name": "enhanced_monitoring",
      "provider": "provider[\"registry.terraform.io/hashicorp/aws\"]",
      "instances": []
    },
    {
      "module": "module.aurora",
      "mode": "managed",
      "type": "aws_kms_key",
      "name": "secret",
      "provider": "provider[\"registry.terraform.io/hashicorp/aws\"]",
      "instances": [
        {
          "schema_version": 0,
          "attributes": {
            "arn": "arn:aws:kms:us-east-1:975050165902:key/ca050ea3-f91e-42e0-b6e0-df5fdc115bf1",
            "bypass_policy_lockout_safety_check": false,
            "custom_key_store_id": "",
            "customer_master_key_spec": "SYMMETRIC_DEFAULT",
            "deletion_window_in_days": 7,
            "description": "KMS key for encrypting Secrets Manager secrets",
            "enable_key_rotation": true,
            "id": "ca050ea3-f91e-42e0-b6e0-df5fdc115bf1",
            "is_enabled": true,
            "key_id": "ca050ea3-f91e-42e0-b6e0-df5fdc115bf1",
            "key_usage": "ENCRYPT_DECRYPT",
            "multi_region": false,
            "policy": "{\"Statement\":[{\"Action\":\"kms:*\",\"Effect\":\"Allow\",\"Principal\":{\"AWS\":\"arn:aws:iam::975050165902:root\"},\"Resource\":\"*\",\"Sid\":\"Enable IAM User Permissions\"},{\"Action\":[\"kms:GenerateDataKey\",\"kms:Decrypt\"],\"Effect\":\"Allow\",\"Principal\":{\"Service\":\"secretsmanager.amazonaws.com\"},\"Resource\":\"*\",\"Sid\":\"Allow Secrets Manager to use the key\"}],\"Version\":\"2012-10-17\"}",
            "rotation_period_in_days": 365,
            "tags": {},
            "tags_all": {},
            "timeouts": null,
            "xks_key_id": ""
          },
          "sensitive_attributes": [],
          "private": "eyJlMmJmYjczMC1lY2FhLTExZTYtOGY4OC0zNDM2M2JjN2M0YzAiOnsiY3JlYXRlIjoxMjAwMDAwMDAwMDB9fQ==",
          "dependencies": [
            "module.aurora.data.aws_caller_identity.current"
          ]
        }
      ]
    },
    {
      "module": "module.aurora",
      "mode": "managed",
      "type": "aws_kms_key",
      "name": "this",
      "provider": "provider[\"registry.terraform.io/hashicorp/aws\"]",
      "instances": [
        {
          "index_key": 0,
          "schema_version": 0,
          "attributes": {
            "arn": "arn:aws:kms:us-east-1:975050165902:key/62e3a6b2-0afc-4d7c-83f4-568f6f506c58",
            "bypass_policy_lockout_safety_check": false,
            "custom_key_store_id": "",
            "customer_master_key_spec": "SYMMETRIC_DEFAULT",
            "deletion_window_in_days": 7,
            "description": "KMS for Performance insight and storage",
            "enable_key_rotation": true,
            "id": "62e3a6b2-0afc-4d7c-83f4-568f6f506c58",
            "is_enabled": true,
            "key_id": "62e3a6b2-0afc-4d7c-83f4-568f6f506c58",
            "key_usage": "ENCRYPT_DECRYPT",
            "multi_region": false,
            "policy": "{\"Id\":\"key-default-1\",\"Statement\":[{\"Action\":\"kms:*\",\"Effect\":\"Allow\",\"Principal\":{\"AWS\":\"arn:aws:iam::975050165902:root\"},\"Resource\":\"*\",\"Sid\":\"Enable IAM User Permissions\"}],\"Version\":\"2012-10-17\"}",
            "rotation_period_in_days": 365,
            "tags": {
              "Name": "arc-dev-archit-arc-dev-archit-test-kms-key"
            },
            "tags_all": {
              "Name": "arc-dev-archit-arc-dev-archit-test-kms-key"
            },
            "timeouts": null,
            "xks_key_id": ""
          },
          "sensitive_attributes": [],
          "private": "eyJlMmJmYjczMC1lY2FhLTExZTYtOGY4OC0zNDM2M2JjN2M0YzAiOnsiY3JlYXRlIjoxMjAwMDAwMDAwMDB9fQ=="
        }
      ]
    },
    {
      "module": "module.aurora",
      "mode": "managed",
      "type": "aws_secretsmanager_secret",
      "name": "this",
      "provider": "provider[\"registry.terraform.io/hashicorp/aws\"]",
      "instances": []
    },
    {
      "module": "module.aurora",
      "mode": "managed",
      "type": "random_password",
      "name": "master",
      "provider": "provider[\"registry.terraform.io/hashicorp/random\"]",
      "instances": [
        {
          "index_key": 0,
          "schema_version": 3,
          "attributes": {
            "bcrypt_hash": "$2a$10$M2V/1w8HPWScJSDOAvdhl.ggqKX2hBvf1VdUf3OFlM6YbLpIHHnBm",
            "id": "none",
            "keepers": null,
            "length": 41,
            "lower": true,
            "min_lower": 0,
            "min_numeric": 0,
            "min_special": 0,
            "min_upper": 0,
            "number": true,
            "numeric": true,
            "override_special": "!#*^",
            "result": "GTAHbii5VIreYeXOJs4wk6Bd9Q36QnUF5ZV8ZnnnT",
            "special": true,
            "upper": true
          },
          "sensitive_attributes": [
            [
              {
                "type": "get_attr",
                "value": "bcrypt_hash"
              }
            ],
            [
              {
                "type": "get_attr",
                "value": "result"
              }
            ]
          ]
        }
      ]
    }
  ],
  "check_results": [
    {
      "object_kind": "var",
      "config_addr": "module.aurora.var.engine_type",
      "status": "pass",
      "objects": [
        {
          "object_addr": "module.aurora.var.engine_type",
          "status": "pass"
        }
      ]
    }
  ]
}
